
Microsoft Visual Studio Solution File, Format Version 12.00
# Visual Studio 14
VisualStudioVersion = 14.0.23107.0
MinimumVisualStudioVersion = 10.0.40219.1
Project("{FAE04EC0-301F-11D3-BF4B-00C04F79EFBC}") = "LongInMiddle", "LongInMiddle\LongInMiddle.csproj", "{F027B44B-C3B3-4FAE-B069-C4B992265087}"
EndProject
Project("{FAE04EC0-301F-11D3-BF4B-00C04F79EFBC}") = "LongInMiddleTests", "LongInMiddleTests\LongInMiddleTests.csproj", "{651BE842-B592-4179-8DC2-D7BECD9B02F2}"
EndProject
Global
	GlobalSection(SolutionConfigurationPlatforms) = preSolution
		Debug|Any CPU = Debug|Any CPU
		Release|Any CPU = Release|Any CPU
	EndGlobalSection
	GlobalSection(ProjectConfigurationPlatforms) = postSolution
		{F027B44B-C3B3-4FAE-B069-C4B992265087}.Debug|Any CPU.ActiveCfg = Debug|Any CPU
		{F027B44B-C3B3-4FAE-B069-C4B992265087}.Debug|Any CPU.Build.0 = Debug|Any CPU
		{F027B44B-C3B3-4FAE-B069-C4B992265087}.Release|Any CPU.ActiveCfg = Release|Any CPU
		{F027B44B-C3B3-4FAE-B069-C4B992265087}.Release|Any CPU.Build.0 = Release|Any CPU
		{651BE842-B592-4179-8DC2-D7BECD9B02F2}.Debug|Any CPU.ActiveCfg = Debug|Any CPU
		{651BE842-B592-4179-8DC2-D7BECD9B02F2}.Debug|Any CPU.Build.0 = Debug|Any CPU
		{651BE842-B592-4179-8DC2-D7BECD9B02F2}.Release|Any CPU.ActiveCfg = Release|Any CPU
		{651BE842-B592-4179-8DC2-D7BECD9B02F2}.Release|Any CPU.Build.0 = Release|Any CPU
	EndGlobalSection
	GlobalSection(SolutionProperties) = preSolution
		HideSolutionNode = FALSE
	EndGlobalSection
EndGlobal
