
Microsoft Visual Studio Solution File, Format Version 12.00
# Visual Studio 14
VisualStudioVersion = 14.0.23107.0
MinimumVisualStudioVersion = 10.0.40219.1
Project("{FAE04EC0-301F-11D3-BF4B-00C04F79EFBC}") = "ConCat", "ConCat\ConCat.csproj", "{AFAB58E1-0276-4CE3-AB3B-39DCCD5C7647}"
EndProject
Project("{FAE04EC0-301F-11D3-BF4B-00C04F79EFBC}") = "ConCatTests", "ConCatTests\ConCatTests.csproj", "{DBFB254E-59E9-42AF-9FE9-0307333380F8}"
EndProject
Global
	GlobalSection(SolutionConfigurationPlatforms) = preSolution
		Debug|Any CPU = Debug|Any CPU
		Release|Any CPU = Release|Any CPU
	EndGlobalSection
	GlobalSection(ProjectConfigurationPlatforms) = postSolution
		{AFAB58E1-0276-4CE3-AB3B-39DCCD5C7647}.Debug|Any CPU.ActiveCfg = Debug|Any CPU
		{AFAB58E1-0276-4CE3-AB3B-39DCCD5C7647}.Debug|Any CPU.Build.0 = Debug|Any CPU
		{AFAB58E1-0276-4CE3-AB3B-39DCCD5C7647}.Release|Any CPU.ActiveCfg = Release|Any CPU
		{AFAB58E1-0276-4CE3-AB3B-39DCCD5C7647}.Release|Any CPU.Build.0 = Release|Any CPU
		{DBFB254E-59E9-42AF-9FE9-0307333380F8}.Debug|Any CPU.ActiveCfg = Debug|Any CPU
		{DBFB254E-59E9-42AF-9FE9-0307333380F8}.Debug|Any CPU.Build.0 = Debug|Any CPU
		{DBFB254E-59E9-42AF-9FE9-0307333380F8}.Release|Any CPU.ActiveCfg = Release|Any CPU
		{DBFB254E-59E9-42AF-9FE9-0307333380F8}.Release|Any CPU.Build.0 = Release|Any CPU
	EndGlobalSection
	GlobalSection(SolutionProperties) = preSolution
		HideSolutionNode = FALSE
	EndGlobalSection
EndGlobal
